{
  "name": "seo-meta-cli",
  "version": "1.0.0",
  "lockfileVersion": 3,
  "requires": true,
  "packages": {
    "": {
      "name": "seo-meta-cli",
      "version": "1.0.0",
      "license": "MIT",
      "bin": {
        "seo-meta": "seo-meta-cli.js"
      },
      "engines": {
        "node": ">=18"
      }
    }
  }
}
